// !$*UTF8*$!
{
	archiveVersion = 1;
	classes = {
	};
	objectVersion = 56;
	objects = {

/* Begin PBXBuildFile section */
		0F0EB11B2B8D053400B14A1A /* EmptyListState.swift in Sources */ = {isa = PBXBuildFile; fileRef = 0F0EB11A2B8D053400B14A1A /* EmptyListState.swift */; };
		0F0EB11D2B8D1CC400B14A1A /* OrderViewModel.swift in Sources */ = {isa = PBXBuildFile; fileRef = 0F0EB11C2B8D1CC400B14A1A /* OrderViewModel.swift */; };
		0F0EB1202B8E20F200B14A1A /* StandardButtonStyle.swift in Sources */ = {isa = PBXBuildFile; fileRef = 0F0EB11F2B8E20F200B14A1A /* StandardButtonStyle.swift */; };
		0F0EB1232B8E609900B14A1A /* ImageLoader.swift in Sources */ = {isa = PBXBuildFile; fileRef = 0F0EB1222B8E609900B14A1A /* ImageLoader.swift */; };
		0F0EB1252B8E64C700B14A1A /* CachedAsyncImage.swift in Sources */ = {isa = PBXBuildFile; fileRef = 0F0EB1242B8E64C700B14A1A /* CachedAsyncImage.swift */; };
		0F64C42D2B868EA400061D62 /* AppetizersApp.swift in Sources */ = {isa = PBXBuildFile; fileRef = 0F64C42C2B868EA400061D62 /* AppetizersApp.swift */; };
		0F64C42F2B868EA400061D62 /* AppetizersTabView.swift in Sources */ = {isa = PBXBuildFile; fileRef = 0F64C42E2B868EA400061D62 /* AppetizersTabView.swift */; };
		0F64C4312B868EA600061D62 /* Assets.xcassets in Resources */ = {isa = PBXBuildFile; fileRef = 0F64C4302B868EA600061D62 /* Assets.xcassets */; };
		0F64C4342B868EA600061D62 /* Preview Assets.xcassets in Resources */ = {isa = PBXBuildFile; fileRef = 0F64C4332B868EA600061D62 /* Preview Assets.xcassets */; };
		0F64C43B2B868F1F00061D62 /* AppetizerListView.swift in Sources */ = {isa = PBXBuildFile; fileRef = 0F64C43A2B868F1F00061D62 /* AppetizerListView.swift */; };
		0F64C43D2B868F2D00061D62 /* AccountView.swift in Sources */ = {isa = PBXBuildFile; fileRef = 0F64C43C2B868F2D00061D62 /* AccountView.swift */; };
		0F64C43F2B868F3500061D62 /* OrderView.swift in Sources */ = {isa = PBXBuildFile; fileRef = 0F64C43E2B868F3500061D62 /* OrderView.swift */; };
		0F64C4412B8695DF00061D62 /* AppetizerModel.swift in Sources */ = {isa = PBXBuildFile; fileRef = 0F64C4402B8695DF00061D62 /* AppetizerModel.swift */; };
		0F64C4432B86A39E00061D62 /* AppetizerListCell.swift in Sources */ = {isa = PBXBuildFile; fileRef = 0F64C4422B86A39E00061D62 /* AppetizerListCell.swift */; };
		0F64C4452B86A69400061D62 /* NetworkManager.swift in Sources */ = {isa = PBXBuildFile; fileRef = 0F64C4442B86A69400061D62 /* NetworkManager.swift */; };
		0F64C4472B86A79F00061D62 /* APError.swift in Sources */ = {isa = PBXBuildFile; fileRef = 0F64C4462B86A79F00061D62 /* APError.swift */; };
		0F64C4492B86B1AA00061D62 /* AppetizerListViewModel.swift in Sources */ = {isa = PBXBuildFile; fileRef = 0F64C4482B86B1AA00061D62 /* AppetizerListViewModel.swift */; };
		0F64C44B2B87746300061D62 /* Alert.swift in Sources */ = {isa = PBXBuildFile; fileRef = 0F64C44A2B87746300061D62 /* Alert.swift */; };
		0FF69C9F2B878FEA009ADE05 /* LoadingView.swift in Sources */ = {isa = PBXBuildFile; fileRef = 0FF69C9E2B878FEA009ADE05 /* LoadingView.swift */; };
		0FF69CAC2B87C88E009ADE05 /* AppetizerDetailView.swift in Sources */ = {isa = PBXBuildFile; fileRef = 0FF69CAB2B87C88E009ADE05 /* AppetizerDetailView.swift */; };
		0FF69CB02B87E5B3009ADE05 /* APButton.swift in Sources */ = {isa = PBXBuildFile; fileRef = 0FF69CAF2B87E5B3009ADE05 /* APButton.swift */; };
		0FF69CB22B87E7A3009ADE05 /* XDismissButton.swift in Sources */ = {isa = PBXBuildFile; fileRef = 0FF69CB12B87E7A2009ADE05 /* XDismissButton.swift */; };
		0FF69CB42B87E903009ADE05 /* NutritionInfoView.swift in Sources */ = {isa = PBXBuildFile; fileRef = 0FF69CB32B87E903009ADE05 /* NutritionInfoView.swift */; };
		0FF69CB62B88E6B9009ADE05 /* AccountViewModel.swift in Sources */ = {isa = PBXBuildFile; fileRef = 0FF69CB52B88E6B9009ADE05 /* AccountViewModel.swift */; };
		0FF69CB82B890FBE009ADE05 /* String+Extensions.swift in Sources */ = {isa = PBXBuildFile; fileRef = 0FF69CB72B890FBE009ADE05 /* String+Extensions.swift */; };
		0FF69CBB2B891BE0009ADE05 /* User.swift in Sources */ = {isa = PBXBuildFile; fileRef = 0FF69CBA2B891BE0009ADE05 /* User.swift */; };
/* End PBXBuildFile section */

/* Begin PBXFileReference section */
		0F0EB11A2B8D053400B14A1A /* EmptyListState.swift */ = {isa = PBXFileReference; lastKnownFileType = sourcecode.swift; path = EmptyListState.swift; sourceTree = "<group>"; };
		0F0EB11C2B8D1CC400B14A1A /* OrderViewModel.swift */ = {isa = PBXFileReference; lastKnownFileType = sourcecode.swift; path = OrderViewModel.swift; sourceTree = "<group>"; };
		0F0EB11F2B8E20F200B14A1A /* StandardButtonStyle.swift */ = {isa = PBXFileReference; lastKnownFileType = sourcecode.swift; path = StandardButtonStyle.swift; sourceTree = "<group>"; };
		0F0EB1222B8E609900B14A1A /* ImageLoader.swift */ = {isa = PBXFileReference; lastKnownFileType = sourcecode.swift; path = ImageLoader.swift; sourceTree = "<group>"; };
		0F0EB1242B8E64C700B14A1A /* CachedAsyncImage.swift */ = {isa = PBXFileReference; lastKnownFileType = sourcecode.swift; path = CachedAsyncImage.swift; sourceTree = "<group>"; };
		0F64C4292B868EA400061D62 /* Appetizers.app */ = {isa = PBXFileReference; explicitFileType = wrapper.application; includeInIndex = 0; path = Appetizers.app; sourceTree = BUILT_PRODUCTS_DIR; };
		0F64C42C2B868EA400061D62 /* AppetizersApp.swift */ = {isa = PBXFileReference; lastKnownFileType = sourcecode.swift; path = AppetizersApp.swift; sourceTree = "<group>"; };
		0F64C42E2B868EA400061D62 /* AppetizersTabView.swift */ = {isa = PBXFileReference; lastKnownFileType = sourcecode.swift; path = AppetizersTabView.swift; sourceTree = "<group>"; };
		0F64C4302B868EA600061D62 /* Assets.xcassets */ = {isa = PBXFileReference; lastKnownFileType = folder.assetcatalog; path = Assets.xcassets; sourceTree = "<group>"; };
		0F64C4332B868EA600061D62 /* Preview Assets.xcassets */ = {isa = PBXFileReference; lastKnownFileType = folder.assetcatalog; path = "Preview Assets.xcassets"; sourceTree = "<group>"; };
		0F64C43A2B868F1F00061D62 /* AppetizerListView.swift */ = {isa = PBXFileReference; lastKnownFileType = sourcecode.swift; path = AppetizerListView.swift; sourceTree = "<group>"; };
		0F64C43C2B868F2D00061D62 /* AccountView.swift */ = {isa = PBXFileReference; lastKnownFileType = sourcecode.swift; path = AccountView.swift; sourceTree = "<group>"; };
		0F64C43E2B868F3500061D62 /* OrderView.swift */ = {isa = PBXFileReference; lastKnownFileType = sourcecode.swift; path = OrderView.swift; sourceTree = "<group>"; };
		0F64C4402B8695DF00061D62 /* AppetizerModel.swift */ = {isa = PBXFileReference; lastKnownFileType = sourcecode.swift; path = AppetizerModel.swift; sourceTree = "<group>"; };
		0F64C4422B86A39E00061D62 /* AppetizerListCell.swift */ = {isa = PBXFileReference; lastKnownFileType = sourcecode.swift; path = AppetizerListCell.swift; sourceTree = "<group>"; };
		0F64C4442B86A69400061D62 /* NetworkManager.swift */ = {isa = PBXFileReference; lastKnownFileType = sourcecode.swift; path = NetworkManager.swift; sourceTree = "<group>"; };
		0F64C4462B86A79F00061D62 /* APError.swift */ = {isa = PBXFileReference; lastKnownFileType = sourcecode.swift; path = APError.swift; sourceTree = "<group>"; };
		0F64C4482B86B1AA00061D62 /* AppetizerListViewModel.swift */ = {isa = PBXFileReference; lastKnownFileType = sourcecode.swift; path = AppetizerListViewModel.swift; sourceTree = "<group>"; };
		0F64C44A2B87746300061D62 /* Alert.swift */ = {isa = PBXFileReference; lastKnownFileType = sourcecode.swift; path = Alert.swift; sourceTree = "<group>"; };
		0FF69C9E2B878FEA009ADE05 /* LoadingView.swift */ = {isa = PBXFileReference; lastKnownFileType = sourcecode.swift; path = LoadingView.swift; sourceTree = "<group>"; };
		0FF69CAB2B87C88E009ADE05 /* AppetizerDetailView.swift */ = {isa = PBXFileReference; lastKnownFileType = sourcecode.swift; path = AppetizerDetailView.swift; sourceTree = "<group>"; };
		0FF69CAF2B87E5B3009ADE05 /* APButton.swift */ = {isa = PBXFileReference; lastKnownFileType = sourcecode.swift; path = APButton.swift; sourceTree = "<group>"; };
		0FF69CB12B87E7A2009ADE05 /* XDismissButton.swift */ = {isa = PBXFileReference; lastKnownFileType = sourcecode.swift; path = XDismissButton.swift; sourceTree = "<group>"; };
		0FF69CB32B87E903009ADE05 /* NutritionInfoView.swift */ = {isa = PBXFileReference; lastKnownFileType = sourcecode.swift; path = NutritionInfoView.swift; sourceTree = "<group>"; };
		0FF69CB52B88E6B9009ADE05 /* AccountViewModel.swift */ = {isa = PBXFileReference; lastKnownFileType = sourcecode.swift; path = AccountViewModel.swift; sourceTree = "<group>"; };
		0FF69CB72B890FBE009ADE05 /* String+Extensions.swift */ = {isa = PBXFileReference; lastKnownFileType = sourcecode.swift; path = "String+Extensions.swift"; sourceTree = "<group>"; };
		0FF69CBA2B891BE0009ADE05 /* User.swift */ = {isa = PBXFileReference; lastKnownFileType = sourcecode.swift; path = User.swift; sourceTree = "<group>"; };
/* End PBXFileReference section */

/* Begin PBXFrameworksBuildPhase section */
		0F64C4262B868EA400061D62 /* Frameworks */ = {
			isa = PBXFrameworksBuildPhase;
			buildActionMask = 2147483647;
			files = (
			);
			runOnlyForDeploymentPostprocessing = 0;
		};
/* End PBXFrameworksBuildPhase section */

/* Begin PBXGroup section */
		0F0EB1192B8D052100B14A1A /* Empty States */ = {
			isa = PBXGroup;
			children = (
				0F0EB11A2B8D053400B14A1A /* EmptyListState.swift */,
			);
			path = "Empty States";
			sourceTree = "<group>";
		};
		0F0EB11E2B8E20C800B14A1A /* CustomModifiers */ = {
			isa = PBXGroup;
			children = (
				0F0EB11F2B8E20F200B14A1A /* StandardButtonStyle.swift */,
			);
			path = CustomModifiers;
			sourceTree = "<group>";
		};
		0F0EB1212B8E608500B14A1A /* Image */ = {
			isa = PBXGroup;
			children = (
				0F0EB1222B8E609900B14A1A /* ImageLoader.swift */,
				0F0EB1242B8E64C700B14A1A /* CachedAsyncImage.swift */,
			);
			path = Image;
			sourceTree = "<group>";
		};
		0F64C4202B868EA400061D62 = {
			isa = PBXGroup;
			children = (
				0F64C42B2B868EA400061D62 /* Appetizers */,
				0F64C42A2B868EA400061D62 /* Products */,
			);
			sourceTree = "<group>";
		};
		0F64C42A2B868EA400061D62 /* Products */ = {
			isa = PBXGroup;
			children = (
				0F64C4292B868EA400061D62 /* Appetizers.app */,
			);
			name = Products;
			sourceTree = "<group>";
		};
		0F64C42B2B868EA400061D62 /* Appetizers */ = {
			isa = PBXGroup;
			children = (
				0FF69CAD2B87E596009ADE05 /* Views */,
				0FF69CA42B87C5D4009ADE05 /* Screens */,
				0FF69CA32B8796B9009ADE05 /* Utilities */,
				0FF69CA22B8796A0009ADE05 /* Model */,
				0F64C42C2B868EA400061D62 /* AppetizersApp.swift */,
				0F64C4302B868EA600061D62 /* Assets.xcassets */,
				0F64C4322B868EA600061D62 /* Preview Content */,
			);
			path = Appetizers;
			sourceTree = "<group>";
		};
		0F64C4322B868EA600061D62 /* Preview Content */ = {
			isa = PBXGroup;
			children = (
				0F64C4332B868EA600061D62 /* Preview Assets.xcassets */,
			);
			path = "Preview Content";
			sourceTree = "<group>";
		};
		0FF69CA22B8796A0009ADE05 /* Model */ = {
			isa = PBXGroup;
			children = (
				0F64C4402B8695DF00061D62 /* AppetizerModel.swift */,
				0FF69CBA2B891BE0009ADE05 /* User.swift */,
			);
			path = Model;
			sourceTree = "<group>";
		};
		0FF69CA32B8796B9009ADE05 /* Utilities */ = {
			isa = PBXGroup;
			children = (
				0FF69CB92B890FC1009ADE05 /* Extensions */,
				0FF69CA92B87C64B009ADE05 /* Alert */,
				0FF69CA82B87C627009ADE05 /* Managers */,
			);
			path = Utilities;
			sourceTree = "<group>";
		};
		0FF69CA42B87C5D4009ADE05 /* Screens */ = {
			isa = PBXGroup;
			children = (
				0F64C42E2B868EA400061D62 /* AppetizersTabView.swift */,
				0FF69CA52B87C5DF009ADE05 /* AppetizerListView */,
				0FF69CA72B87C5F3009ADE05 /* AccountView */,
				0FF69CA62B87C5EC009ADE05 /* OrderView */,
			);
			path = Screens;
			sourceTree = "<group>";
		};
		0FF69CA52B87C5DF009ADE05 /* AppetizerListView */ = {
			isa = PBXGroup;
			children = (
				0F64C4422B86A39E00061D62 /* AppetizerListCell.swift */,
				0F64C43A2B868F1F00061D62 /* AppetizerListView.swift */,
				0F64C4482B86B1AA00061D62 /* AppetizerListViewModel.swift */,
				0FF69CAB2B87C88E009ADE05 /* AppetizerDetailView.swift */,
				0FF69CB32B87E903009ADE05 /* NutritionInfoView.swift */,
			);
			path = AppetizerListView;
			sourceTree = "<group>";
		};
		0FF69CA62B87C5EC009ADE05 /* OrderView */ = {
			isa = PBXGroup;
			children = (
				0F0EB11C2B8D1CC400B14A1A /* OrderViewModel.swift */,
				0F64C43E2B868F3500061D62 /* OrderView.swift */,
			);
			path = OrderView;
			sourceTree = "<group>";
		};
		0FF69CA72B87C5F3009ADE05 /* AccountView */ = {
			isa = PBXGroup;
			children = (
				0F64C43C2B868F2D00061D62 /* AccountView.swift */,
				0FF69CB52B88E6B9009ADE05 /* AccountViewModel.swift */,
			);
			path = AccountView;
			sourceTree = "<group>";
		};
		0FF69CA82B87C627009ADE05 /* Managers */ = {
			isa = PBXGroup;
			children = (
				0F64C4442B86A69400061D62 /* NetworkManager.swift */,
			);
			path = Managers;
			sourceTree = "<group>";
		};
		0FF69CA92B87C64B009ADE05 /* Alert */ = {
			isa = PBXGroup;
			children = (
				0F64C44A2B87746300061D62 /* Alert.swift */,
				0F64C4462B86A79F00061D62 /* APError.swift */,
			);
			path = Alert;
			sourceTree = "<group>";
		};
		0FF69CAA2B87C66E009ADE05 /* UIKit */ = {
			isa = PBXGroup;
			children = (
				0FF69C9E2B878FEA009ADE05 /* LoadingView.swift */,
			);
			path = UIKit;
			sourceTree = "<group>";
		};
		0FF69CAD2B87E596009ADE05 /* Views */ = {
			isa = PBXGroup;
			children = (
				0F0EB1212B8E608500B14A1A /* Image */,
				0F0EB11E2B8E20C800B14A1A /* CustomModifiers */,
				0F0EB1192B8D052100B14A1A /* Empty States */,
				0FF69CAA2B87C66E009ADE05 /* UIKit */,
				0FF69CAE2B87E59D009ADE05 /* Buttons */,
			);
			path = Views;
			sourceTree = "<group>";
		};
		0FF69CAE2B87E59D009ADE05 /* Buttons */ = {
			isa = PBXGroup;
			children = (
				0FF69CAF2B87E5B3009ADE05 /* APButton.swift */,
				0FF69CB12B87E7A2009ADE05 /* XDismissButton.swift */,
			);
			path = Buttons;
			sourceTree = "<group>";
		};
		0FF69CB92B890FC1009ADE05 /* Extensions */ = {
			isa = PBXGroup;
			children = (
				0FF69CB72B890FBE009ADE05 /* String+Extensions.swift */,
			);
			path = Extensions;
			sourceTree = "<group>";
		};
/* End PBXGroup section */

/* Begin PBXNativeTarget section */
		0F64C4282B868EA400061D62 /* Appetizers */ = {
			isa = PBXNativeTarget;
			buildConfigurationList = 0F64C4372B868EA600061D62 /* Build configuration list for PBXNativeTarget "Appetizers" */;
			buildPhases = (
				0F64C4252B868EA400061D62 /* Sources */,
				0F64C4262B868EA400061D62 /* Frameworks */,
				0F64C4272B868EA400061D62 /* Resources */,
			);
			buildRules = (
			);
			dependencies = (
			);
			name = Appetizers;
			productName = Appetizers;
			productReference = 0F64C4292B868EA400061D62 /* Appetizers.app */;
			productType = "com.apple.product-type.application";
		};
/* End PBXNativeTarget section */

/* Begin PBXProject section */
		0F64C4212B868EA400061D62 /* Project object */ = {
			isa = PBXProject;
			attributes = {
				BuildIndependentTargetsInParallel = 1;
				LastSwiftUpdateCheck = 1500;
				LastUpgradeCheck = 1500;
				TargetAttributes = {
					0F64C4282B868EA400061D62 = {
						CreatedOnToolsVersion = 15.0.1;
					};
				};
			};
			buildConfigurationList = 0F64C4242B868EA400061D62 /* Build configuration list for PBXProject "Appetizers" */;
			compatibilityVersion = "Xcode 14.0";
			developmentRegion = en;
			hasScannedForEncodings = 0;
			knownRegions = (
				en,
				Base,
			);
			mainGroup = 0F64C4202B868EA400061D62;
			productRefGroup = 0F64C42A2B868EA400061D62 /* Products */;
			projectDirPath = "";
			projectRoot = "";
			targets = (
				0F64C4282B868EA400061D62 /* Appetizers */,
			);
		};
/* End PBXProject section */

/* Begin PBXResourcesBuildPhase section */
		0F64C4272B868EA400061D62 /* Resources */ = {
			isa = PBXResourcesBuildPhase;
			buildActionMask = 2147483647;
			files = (
				0F64C4342B868EA600061D62 /* Preview Assets.xcassets in Resources */,
				0F64C4312B868EA600061D62 /* Assets.xcassets in Resources */,
			);
			runOnlyForDeploymentPostprocessing = 0;
		};
/* End PBXResourcesBuildPhase section */

/* Begin PBXSourcesBuildPhase section */
		0F64C4252B868EA400061D62 /* Sources */ = {
			isa = PBXSourcesBuildPhase;
			buildActionMask = 2147483647;
			files = (
				0F64C4412B8695DF00061D62 /* AppetizerModel.swift in Sources */,
				0F64C4472B86A79F00061D62 /* APError.swift in Sources */,
				0F64C43D2B868F2D00061D62 /* AccountView.swift in Sources */,
				0F0EB11B2B8D053400B14A1A /* EmptyListState.swift in Sources */,
				0F64C4492B86B1AA00061D62 /* AppetizerListViewModel.swift in Sources */,
				0FF69CB82B890FBE009ADE05 /* String+Extensions.swift in Sources */,
				0F64C42F2B868EA400061D62 /* AppetizersTabView.swift in Sources */,
				0FF69CB42B87E903009ADE05 /* NutritionInfoView.swift in Sources */,
				0FF69C9F2B878FEA009ADE05 /* LoadingView.swift in Sources */,
				0F64C4432B86A39E00061D62 /* AppetizerListCell.swift in Sources */,
				0F0EB1252B8E64C700B14A1A /* CachedAsyncImage.swift in Sources */,
				0F0EB11D2B8D1CC400B14A1A /* OrderViewModel.swift in Sources */,
				0F64C4452B86A69400061D62 /* NetworkManager.swift in Sources */,
				0FF69CAC2B87C88E009ADE05 /* AppetizerDetailView.swift in Sources */,
				0F64C42D2B868EA400061D62 /* AppetizersApp.swift in Sources */,
				0F0EB1202B8E20F200B14A1A /* StandardButtonStyle.swift in Sources */,
				0F0EB1232B8E609900B14A1A /* ImageLoader.swift in Sources */,
				0FF69CB02B87E5B3009ADE05 /* APButton.swift in Sources */,
				0F64C44B2B87746300061D62 /* Alert.swift in Sources */,
				0F64C43B2B868F1F00061D62 /* AppetizerListView.swift in Sources */,
				0F64C43F2B868F3500061D62 /* OrderView.swift in Sources */,
				0FF69CB62B88E6B9009ADE05 /* AccountViewModel.swift in Sources */,
				0FF69CB22B87E7A3009ADE05 /* XDismissButton.swift in Sources */,
				0FF69CBB2B891BE0009ADE05 /* User.swift in Sources */,
			);
			runOnlyForDeploymentPostprocessing = 0;
		};
/* End PBXSourcesBuildPhase section */

/* Begin XCBuildConfiguration section */
		0F64C4352B868EA600061D62 /* Debug */ = {
			isa = XCBuildConfiguration;
			buildSettings = {
				ALWAYS_SEARCH_USER_PATHS = NO;
				ASSETCATALOG_COMPILER_GENERATE_SWIFT_ASSET_SYMBOL_EXTENSIONS = YES;
				CLANG_ANALYZER_NONNULL = YES;
				CLANG_ANALYZER_NUMBER_OBJECT_CONVERSION = YES_AGGRESSIVE;
				CLANG_CXX_LANGUAGE_STANDARD = "gnu++20";
				CLANG_ENABLE_MODULES = YES;
				CLANG_ENABLE_OBJC_ARC = YES;
				CLANG_ENABLE_OBJC_WEAK = YES;
				CLANG_WARN_BLOCK_CAPTURE_AUTORELEASING = YES;
				CLANG_WARN_BOOL_CONVERSION = YES;
				CLANG_WARN_COMMA = YES;
				CLANG_WARN_CONSTANT_CONVERSION = YES;
				CLANG_WARN_DEPRECATED_OBJC_IMPLEMENTATIONS = YES;
				CLANG_WARN_DIRECT_OBJC_ISA_USAGE = YES_ERROR;
				CLANG_WARN_DOCUMENTATION_COMMENTS = YES;
				CLANG_WARN_EMPTY_BODY = YES;
				CLANG_WARN_ENUM_CONVERSION = YES;
				CLANG_WARN_INFINITE_RECURSION = YES;
				CLANG_WARN_INT_CONVERSION = YES;
				CLANG_WARN_NON_LITERAL_NULL_CONVERSION = YES;
				CLANG_WARN_OBJC_IMPLICIT_RETAIN_SELF = YES;
				CLANG_WARN_OBJC_LITERAL_CONVERSION = YES;
				CLANG_WARN_OBJC_ROOT_CLASS = YES_ERROR;
				CLANG_WARN_QUOTED_INCLUDE_IN_FRAMEWORK_HEADER = YES;
				CLANG_WARN_RANGE_LOOP_ANALYSIS = YES;
				CLANG_WARN_STRICT_PROTOTYPES = YES;
				CLANG_WARN_SUSPICIOUS_MOVE = YES;
				CLANG_WARN_UNGUARDED_AVAILABILITY = YES_AGGRESSIVE;
				CLANG_WARN_UNREACHABLE_CODE = YES;
				CLANG_WARN__DUPLICATE_METHOD_MATCH = YES;
				COPY_PHASE_STRIP = NO;
				DEBUG_INFORMATION_FORMAT = dwarf;
				ENABLE_STRICT_OBJC_MSGSEND = YES;
				ENABLE_TESTABILITY = YES;
				ENABLE_USER_SCRIPT_SANDBOXING = YES;
				GCC_C_LANGUAGE_STANDARD = gnu17;
				GCC_DYNAMIC_NO_PIC = NO;
				GCC_NO_COMMON_BLOCKS = YES;
				GCC_OPTIMIZATION_LEVEL = 0;
				GCC_PREPROCESSOR_DEFINITIONS = (
					"DEBUG=1",
					"$(inherited)",
				);
				GCC_WARN_64_TO_32_BIT_CONVERSION = YES;
				GCC_WARN_ABOUT_RETURN_TYPE = YES_ERROR;
				GCC_WARN_UNDECLARED_SELECTOR = YES;
				GCC_WARN_UNINITIALIZED_AUTOS = YES_AGGRESSIVE;
				GCC_WARN_UNUSED_FUNCTION = YES;
				GCC_WARN_UNUSED_VARIABLE = YES;
				IPHONEOS_DEPLOYMENT_TARGET = 17.0;
				LOCALIZATION_PREFERS_STRING_CATALOGS = YES;
				MTL_ENABLE_DEBUG_INFO = INCLUDE_SOURCE;
				MTL_FAST_MATH = YES;
				ONLY_ACTIVE_ARCH = YES;
				SDKROOT = iphoneos;
				SWIFT_ACTIVE_COMPILATION_CONDITIONS = "DEBUG $(inherited)";
				SWIFT_OPTIMIZATION_LEVEL = "-Onone";
			};
			name = Debug;
		};
		0F64C4362B868EA600061D62 /* Release */ = {
			isa = XCBuildConfiguration;
			buildSettings = {
				ALWAYS_SEARCH_USER_PATHS = NO;
				ASSETCATALOG_COMPILER_GENERATE_SWIFT_ASSET_SYMBOL_EXTENSIONS = YES;
				CLANG_ANALYZER_NONNULL = YES;
				CLANG_ANALYZER_NUMBER_OBJECT_CONVERSION = YES_AGGRESSIVE;
				CLANG_CXX_LANGUAGE_STANDARD = "gnu++20";
				CLANG_ENABLE_MODULES = YES;
				CLANG_ENABLE_OBJC_ARC = YES;
				CLANG_ENABLE_OBJC_WEAK = YES;
				CLANG_WARN_BLOCK_CAPTURE_AUTORELEASING = YES;
				CLANG_WARN_BOOL_CONVERSION = YES;
				CLANG_WARN_COMMA = YES;
				CLANG_WARN_CONSTANT_CONVERSION = YES;
				CLANG_WARN_DEPRECATED_OBJC_IMPLEMENTATIONS = YES;
				CLANG_WARN_DIRECT_OBJC_ISA_USAGE = YES_ERROR;
				CLANG_WARN_DOCUMENTATION_COMMENTS = YES;
				CLANG_WARN_EMPTY_BODY = YES;
				CLANG_WARN_ENUM_CONVERSION = YES;
				CLANG_WARN_INFINITE_RECURSION = YES;
				CLANG_WARN_INT_CONVERSION = YES;
				CLANG_WARN_NON_LITERAL_NULL_CONVERSION = YES;
				CLANG_WARN_OBJC_IMPLICIT_RETAIN_SELF = YES;
				CLANG_WARN_OBJC_LITERAL_CONVERSION = YES;
				CLANG_WARN_OBJC_ROOT_CLASS = YES_ERROR;
				CLANG_WARN_QUOTED_INCLUDE_IN_FRAMEWORK_HEADER = YES;
				CLANG_WARN_RANGE_LOOP_ANALYSIS = YES;
				CLANG_WARN_STRICT_PROTOTYPES = YES;
				CLANG_WARN_SUSPICIOUS_MOVE = YES;
				CLANG_WARN_UNGUARDED_AVAILABILITY = YES_AGGRESSIVE;
				CLANG_WARN_UNREACHABLE_CODE = YES;
				CLANG_WARN__DUPLICATE_METHOD_MATCH = YES;
				COPY_PHASE_STRIP = NO;
				DEBUG_INFORMATION_FORMAT = "dwarf-with-dsym";
				ENABLE_NS_ASSERTIONS = NO;
				ENABLE_STRICT_OBJC_MSGSEND = YES;
				ENABLE_USER_SCRIPT_SANDBOXING = YES;
				GCC_C_LANGUAGE_STANDARD = gnu17;
				GCC_NO_COMMON_BLOCKS = YES;
				GCC_WARN_64_TO_32_BIT_CONVERSION = YES;
				GCC_WARN_ABOUT_RETURN_TYPE = YES_ERROR;
				GCC_WARN_UNDECLARED_SELECTOR = YES;
				GCC_WARN_UNINITIALIZED_AUTOS = YES_AGGRESSIVE;
				GCC_WARN_UNUSED_FUNCTION = YES;
				GCC_WARN_UNUSED_VARIABLE = YES;
				IPHONEOS_DEPLOYMENT_TARGET = 17.0;
				LOCALIZATION_PREFERS_STRING_CATALOGS = YES;
				MTL_ENABLE_DEBUG_INFO = NO;
				MTL_FAST_MATH = YES;
				SDKROOT = iphoneos;
				SWIFT_COMPILATION_MODE = wholemodule;
				VALIDATE_PRODUCT = YES;
			};
			name = Release;
		};
		0F64C4382B868EA600061D62 /* Debug */ = {
			isa = XCBuildConfiguration;
			buildSettings = {
				ASSETCATALOG_COMPILER_APPICON_NAME = AppIcon;
				ASSETCATALOG_COMPILER_GLOBAL_ACCENT_COLOR_NAME = AccentColor;
				CODE_SIGN_IDENTITY = "Apple Development";
				CODE_SIGN_STYLE = Automatic;
				CURRENT_PROJECT_VERSION = 1;
				DEVELOPMENT_ASSET_PATHS = "\"Appetizers/Preview Content\"";
				DEVELOPMENT_TEAM = W4ZZT8C4F9;
				ENABLE_PREVIEWS = YES;
				GENERATE_INFOPLIST_FILE = YES;
				INFOPLIST_KEY_UIApplicationSceneManifest_Generation = YES;
				INFOPLIST_KEY_UIApplicationSupportsIndirectInputEvents = YES;
				INFOPLIST_KEY_UILaunchScreen_Generation = YES;
				INFOPLIST_KEY_UISupportedInterfaceOrientations = UIInterfaceOrientationPortrait;
				IPHONEOS_DEPLOYMENT_TARGET = 15.0;
				LD_RUNPATH_SEARCH_PATHS = (
					"$(inherited)",
					"@executable_path/Frameworks",
				);
				MARKETING_VERSION = 1.0;
				PRODUCT_BUNDLE_IDENTIFIER = com.jeannchuab.Appetizers;
				PRODUCT_NAME = "$(TARGET_NAME)";
				PROVISIONING_PROFILE_SPECIFIER = "";
				SWIFT_EMIT_LOC_STRINGS = YES;
				SWIFT_VERSION = 5.0;
				TARGETED_DEVICE_FAMILY = "1,2";
			};
			name = Debug;
		};
		0F64C4392B868EA600061D62 /* Release */ = {
			isa = XCBuildConfiguration;
			buildSettings = {
				ASSETCATALOG_COMPILER_APPICON_NAME = AppIcon;
				ASSETCATALOG_COMPILER_GLOBAL_ACCENT_COLOR_NAME = AccentColor;
				CODE_SIGN_IDENTITY = "Apple Development";
				CODE_SIGN_STYLE = Automatic;
				CURRENT_PROJECT_VERSION = 1;
				DEVELOPMENT_ASSET_PATHS = "\"Appetizers/Preview Content\"";
				DEVELOPMENT_TEAM = W4ZZT8C4F9;
				ENABLE_PREVIEWS = YES;
				GENERATE_INFOPLIST_FILE = YES;
				INFOPLIST_KEY_UIApplicationSceneManifest_Generation = YES;
				INFOPLIST_KEY_UIApplicationSupportsIndirectInputEvents = YES;
				INFOPLIST_KEY_UILaunchScreen_Generation = YES;
				INFOPLIST_KEY_UISupportedInterfaceOrientations = UIInterfaceOrientationPortrait;
				IPHONEOS_DEPLOYMENT_TARGET = 15.0;
				LD_RUNPATH_SEARCH_PATHS = (
					"$(inherited)",
					"@executable_path/Frameworks",
				);
				MARKETING_VERSION = 1.0;
				PRODUCT_BUNDLE_IDENTIFIER = com.jeannchuab.Appetizers;
				PRODUCT_NAME = "$(TARGET_NAME)";
				PROVISIONING_PROFILE_SPECIFIER = "";
				SWIFT_EMIT_LOC_STRINGS = YES;
				SWIFT_VERSION = 5.0;
				TARGETED_DEVICE_FAMILY = "1,2";
			};
			name = Release;
		};
/* End XCBuildConfiguration section */

/* Begin XCConfigurationList section */
		0F64C4242B868EA400061D62 /* Build configuration list for PBXProject "Appetizers" */ = {
			isa = XCConfigurationList;
			buildConfigurations = (
				0F64C4352B868EA600061D62 /* Debug */,
				0F64C4362B868EA600061D62 /* Release */,
			);
			defaultConfigurationIsVisible = 0;
			defaultConfigurationName = Release;
		};
		0F64C4372B868EA600061D62 /* Build configuration list for PBXNativeTarget "Appetizers" */ = {
			isa = XCConfigurationList;
			buildConfigurations = (
				0F64C4382B868EA600061D62 /* Debug */,
				0F64C4392B868EA600061D62 /* Release */,
			);
			defaultConfigurationIsVisible = 0;
			defaultConfigurationName = Release;
		};
/* End XCConfigurationList section */
	};
	rootObject = 0F64C4212B868EA400061D62 /* Project object */;
}
